Microsoft Visual Studio Solution File, Format Version 12.00
# Visual Studio 2012
Project("{FAE04EC0-301F-11D3-BF4B-00C04F79EFBC}") = "GameJam--the-price-of-the-survival", "GameJam--the-price-of-the-survival.csproj", "{53587596-48DB-428C-9B00-102F81BCADBA}"
EndProject
Global
	GlobalSection(SolutionConfigurationPlatforms) = preSolution
	Debug|Any CPU = Debug|Any CPU
	ExportDebug|Any CPU = ExportDebug|Any CPU
	ExportRelease|Any CPU = ExportRelease|Any CPU
	EndGlobalSection
	GlobalSection(ProjectConfigurationPlatforms) = postSolution
		{53587596-48DB-428C-9B00-102F81BCADBA}.Debug|Any CPU.ActiveCfg = Debug|Any CPU
		{53587596-48DB-428C-9B00-102F81BCADBA}.Debug|Any CPU.Build.0 = Debug|Any CPU
		{53587596-48DB-428C-9B00-102F81BCADBA}.ExportDebug|Any CPU.ActiveCfg = ExportDebug|Any CPU
		{53587596-48DB-428C-9B00-102F81BCADBA}.ExportDebug|Any CPU.Build.0 = ExportDebug|Any CPU
		{53587596-48DB-428C-9B00-102F81BCADBA}.ExportRelease|Any CPU.ActiveCfg = ExportRelease|Any CPU
		{53587596-48DB-428C-9B00-102F81BCADBA}.ExportRelease|Any CPU.Build.0 = ExportRelease|Any CPU
	EndGlobalSection
EndGlobal
